
Microsoft Visual Studio Solution File, Format Version 12.00
# Visual Studio Version 17
VisualStudioVersion = 17.1.32210.238
MinimumVisualStudioVersion = 10.0.40219.1
Project("{FAE04EC0-301F-11D3-BF4B-00C04F79EFBC}") = "EmployeeWage", "EmployeeWage\EmployeeWage.csproj", "{9ED7797F-FA32-49DF-9775-8748B4CCBBEB}"
EndProject
Global
	GlobalSection(SolutionConfigurationPlatforms) = preSolution
		Debug|Any CPU = Debug|Any CPU
		Release|Any CPU = Release|Any CPU
	EndGlobalSection
	GlobalSection(ProjectConfigurationPlatforms) = postSolution
		{9ED7797F-FA32-49DF-9775-8748B4CCBBEB}.Debug|Any CPU.ActiveCfg = Debug|Any CPU
		{9ED7797F-FA32-49DF-9775-8748B4CCBBEB}.Debug|Any CPU.Build.0 = Debug|Any CPU
		{9ED7797F-FA32-49DF-9775-8748B4CCBBEB}.Release|Any CPU.ActiveCfg = Release|Any CPU
		{9ED7797F-FA32-49DF-9775-8748B4CCBBEB}.Release|Any CPU.Build.0 = Release|Any CPU
	EndGlobalSection
	GlobalSection(SolutionProperties) = preSolution
		HideSolutionNode = FALSE
	EndGlobalSection
	GlobalSection(ExtensibilityGlobals) = postSolution
		SolutionGuid = {7ACBC0FE-46B2-43AC-A20A-0FE064F91AD5}
	EndGlobalSection
EndGlobal
